# THIS IS AN AUTOGENERATED FILE. DO NOT EDIT THIS FILE DIRECTLY.
# yarn lockfile v1


"@semantic-release/error@^2.2.0":
  version "2.2.0"
  resolved "https://registry.yarnpkg.com/@semantic-release/error/-/error-2.2.0.tgz#ee9d5a09c9969eade1ec864776aeda5c5cddbbf0"
  integrity sha512-9Tj/qn+y2j+sjCI3Jd+qseGtHjOAeg7dU2/lVcqIQ9TV3QDaDXDYXcoOHU+7o2Hwh8L8ymL4gfuO7KxDs3q2zg==

yaml@^1.10.0:
  version "1.10.0"
  resolved "https://registry.yarnpkg.com/yaml/-/yaml-1.10.0.tgz#3b593add944876077d4d683fee01081bd9fff31e"
  integrity sha512-yr2icI4glYaNG+KWONODapy2/jDdMSDnrONSjblABjD9B4Z5LgiircSt8m8sRZFNi08kG9Sm0uSHtEmP3zaEGg==
